
Microsoft Visual Studio Solution File, Format Version 12.00
# Visual Studio Version 17
VisualStudioVersion = 17.8.34227.203
MinimumVisualStudioVersion = 10.0.40219.1
Project("{FAE04EC0-301F-11D3-BF4B-00C04F79EFBC}") = "Test", "Test\Test.csproj", "{010A6106-5AA4-412C-9965-06C4A39BBE2D}"
EndProject
Global
	GlobalSection(SolutionConfigurationPlatforms) = preSolution
		Debug|Any CPU = Debug|Any CPU
		Release|Any CPU = Release|Any CPU
	EndGlobalSection
	GlobalSection(ProjectConfigurationPlatforms) = postSolution
		{010A6106-5AA4-412C-9965-06C4A39BBE2D}.Debug|Any CPU.ActiveCfg = Debug|Any CPU
		{010A6106-5AA4-412C-9965-06C4A39BBE2D}.Debug|Any CPU.Build.0 = Debug|Any CPU
		{010A6106-5AA4-412C-9965-06C4A39BBE2D}.Debug|Any CPU.Deploy.0 = Debug|Any CPU
		{010A6106-5AA4-412C-9965-06C4A39BBE2D}.Release|Any CPU.ActiveCfg = Release|Any CPU
		{010A6106-5AA4-412C-9965-06C4A39BBE2D}.Release|Any CPU.Build.0 = Release|Any CPU
		{010A6106-5AA4-412C-9965-06C4A39BBE2D}.Release|Any CPU.Deploy.0 = Release|Any CPU
	EndGlobalSection
	GlobalSection(SolutionProperties) = preSolution
		HideSolutionNode = FALSE
	EndGlobalSection
	GlobalSection(ExtensibilityGlobals) = postSolution
		SolutionGuid = {5D172C9A-3476-47E7-9294-D9EC2F74D942}
	EndGlobalSection
EndGlobal
